// !$*UTF8*$!
{
	archiveVersion = 1;
	classes = {
	};
	objectVersion = 50;
	objects = {

/* Begin PBXBuildFile section */
		559EE5282496B2A100EBDEE5 /* AppDelegate.swift in Sources */ = {isa = PBXBuildFile; fileRef = 559EE5272496B2A100EBDEE5 /* AppDelegate.swift */; };
		559EE52A2496B2A100EBDEE5 /* SceneDelegate.swift in Sources */ = {isa = PBXBuildFile; fileRef = 559EE5292496B2A100EBDEE5 /* SceneDelegate.swift */; };
		559EE52C2496B2A100EBDEE5 /* ContentView.swift in Sources */ = {isa = PBXBuildFile; fileRef = 559EE52B2496B2A100EBDEE5 /* ContentView.swift */; };
		559EE52E2496B2A300EBDEE5 /* Assets.xcassets in Resources */ = {isa = PBXBuildFile; fileRef = 559EE52D2496B2A300EBDEE5 /* Assets.xcassets */; };
		559EE5312496B2A300EBDEE5 /* Preview Assets.xcassets in Resources */ = {isa = PBXBuildFile; fileRef = 559EE5302496B2A300EBDEE5 /* Preview Assets.xcassets */; };
		559EE5342496B2A300EBDEE5 /* LaunchScreen.storyboard in Resources */ = {isa = PBXBuildFile; fileRef = 559EE5322496B2A300EBDEE5 /* LaunchScreen.storyboard */; };
		559EE5402496BFED00EBDEE5 /* News.swift in Sources */ = {isa = PBXBuildFile; fileRef = 559EE53F2496BFED00EBDEE5 /* News.swift */; };
		559EE5432496C16F00EBDEE5 /* API.swift in Sources */ = {isa = PBXBuildFile; fileRef = 559EE5422496C16F00EBDEE5 /* API.swift */; };
		559EE5462496C2DD00EBDEE5 /* NetworkManager.swift in Sources */ = {isa = PBXBuildFile; fileRef = 559EE5452496C2DD00EBDEE5 /* NetworkManager.swift */; };
		559EE5482496C5E400EBDEE5 /* NewsViewModel.swift in Sources */ = {isa = PBXBuildFile; fileRef = 559EE5472496C5E400EBDEE5 /* NewsViewModel.swift */; };
		559EE54A2496C72200EBDEE5 /* NewsListVM.swift in Sources */ = {isa = PBXBuildFile; fileRef = 559EE5492496C72200EBDEE5 /* NewsListVM.swift */; };
		559EE54C2496CB5600EBDEE5 /* NewsListHeader.swift in Sources */ = {isa = PBXBuildFile; fileRef = 559EE54B2496CB5600EBDEE5 /* NewsListHeader.swift */; };
		559EE54E2496CCD100EBDEE5 /* NewsHome.swift in Sources */ = {isa = PBXBuildFile; fileRef = 559EE54D2496CCD100EBDEE5 /* NewsHome.swift */; };
		559EE5502496CD7600EBDEE5 /* NewsListView.swift in Sources */ = {isa = PBXBuildFile; fileRef = 559EE54F2496CD7600EBDEE5 /* NewsListView.swift */; };
		559EE5522496CDA500EBDEE5 /* NewsCell.swift in Sources */ = {isa = PBXBuildFile; fileRef = 559EE5512496CDA500EBDEE5 /* NewsCell.swift */; };
		559EE5552496D1EF00EBDEE5 /* SwiftUIWebView.swift in Sources */ = {isa = PBXBuildFile; fileRef = 559EE5542496D1EF00EBDEE5 /* SwiftUIWebView.swift */; };
		559EE5572496D40E00EBDEE5 /* NewsArticleWebView.swift in Sources */ = {isa = PBXBuildFile; fileRef = 559EE5562496D40E00EBDEE5 /* NewsArticleWebView.swift */; };
/* End PBXBuildFile section */

/* Begin PBXFileReference section */
		559EE5242496B2A100EBDEE5 /* NewsApp - SwiftUI.app */ = {isa = PBXFileReference; explicitFileType = wrapper.application; includeInIndex = 0; path = "NewsApp - SwiftUI.app"; sourceTree = BUILT_PRODUCTS_DIR; };
		559EE5272496B2A100EBDEE5 /* AppDelegate.swift */ = {isa = PBXFileReference; lastKnownFileType = sourcecode.swift; path = AppDelegate.swift; sourceTree = "<group>"; };
		559EE5292496B2A100EBDEE5 /* SceneDelegate.swift */ = {isa = PBXFileReference; lastKnownFileType = sourcecode.swift; path = SceneDelegate.swift; sourceTree = "<group>"; };
		559EE52B2496B2A100EBDEE5 /* ContentView.swift */ = {isa = PBXFileReference; lastKnownFileType = sourcecode.swift; path = ContentView.swift; sourceTree = "<group>"; };
		559EE52D2496B2A300EBDEE5 /* Assets.xcassets */ = {isa = PBXFileReference; lastKnownFileType = folder.assetcatalog; path = Assets.xcassets; sourceTree = "<group>"; };
		559EE5302496B2A300EBDEE5 /* Preview Assets.xcassets */ = {isa = PBXFileReference; lastKnownFileType = folder.assetcatalog; path = "Preview Assets.xcassets"; sourceTree = "<group>"; };
		559EE5332496B2A300EBDEE5 /* Base */ = {isa = PBXFileReference; lastKnownFileType = file.storyboard; name = Base; path = Base.lproj/LaunchScreen.storyboard; sourceTree = "<group>"; };
		559EE5352496B2A300EBDEE5 /* Info.plist */ = {isa = PBXFileReference; lastKnownFileType = text.plist.xml; path = Info.plist; sourceTree = "<group>"; };
		559EE53F2496BFED00EBDEE5 /* News.swift */ = {isa = PBXFileReference; lastKnownFileType = sourcecode.swift; path = News.swift; sourceTree = "<group>"; };
		559EE5422496C16F00EBDEE5 /* API.swift */ = {isa = PBXFileReference; lastKnownFileType = sourcecode.swift; path = API.swift; sourceTree = "<group>"; };
		559EE5452496C2DD00EBDEE5 /* NetworkManager.swift */ = {isa = PBXFileReference; lastKnownFileType = sourcecode.swift; path = NetworkManager.swift; sourceTree = "<group>"; };
		559EE5472496C5E400EBDEE5 /* NewsViewModel.swift */ = {isa = PBXFileReference; lastKnownFileType = sourcecode.swift; path = NewsViewModel.swift; sourceTree = "<group>"; };
		559EE5492496C72200EBDEE5 /* NewsListVM.swift */ = {isa = PBXFileReference; lastKnownFileType = sourcecode.swift; path = NewsListVM.swift; sourceTree = "<group>"; };
		559EE54B2496CB5600EBDEE5 /* NewsListHeader.swift */ = {isa = PBXFileReference; lastKnownFileType = sourcecode.swift; path = NewsListHeader.swift; sourceTree = "<group>"; };
		559EE54D2496CCD100EBDEE5 /* NewsHome.swift */ = {isa = PBXFileReference; lastKnownFileType = sourcecode.swift; path = NewsHome.swift; sourceTree = "<group>"; };
		559EE54F2496CD7600EBDEE5 /* NewsListView.swift */ = {isa = PBXFileReference; lastKnownFileType = sourcecode.swift; path = NewsListView.swift; sourceTree = "<group>"; };
		559EE5512496CDA500EBDEE5 /* NewsCell.swift */ = {isa = PBXFileReference; lastKnownFileType = sourcecode.swift; path = NewsCell.swift; sourceTree = "<group>"; };
		559EE5542496D1EF00EBDEE5 /* SwiftUIWebView.swift */ = {isa = PBXFileReference; lastKnownFileType = sourcecode.swift; path = SwiftUIWebView.swift; sourceTree = "<group>"; };
		559EE5562496D40E00EBDEE5 /* NewsArticleWebView.swift */ = {isa = PBXFileReference; lastKnownFileType = sourcecode.swift; path = NewsArticleWebView.swift; sourceTree = "<group>"; };
/* End PBXFileReference section */

/* Begin PBXFrameworksBuildPhase section */
		559EE5212496B2A100EBDEE5 /* Frameworks */ = {
			isa = PBXFrameworksBuildPhase;
			buildActionMask = 2147483647;
			files = (
			);
			runOnlyForDeploymentPostprocessing = 0;
		};
/* End PBXFrameworksBuildPhase section */

/* Begin PBXGroup section */
		559EE51B2496B2A100EBDEE5 = {
			isa = PBXGroup;
			children = (
				559EE5262496B2A100EBDEE5 /* NewsApp - SwiftUI */,
				559EE5252496B2A100EBDEE5 /* Products */,
			);
			sourceTree = "<group>";
		};
		559EE5252496B2A100EBDEE5 /* Products */ = {
			isa = PBXGroup;
			children = (
				559EE5242496B2A100EBDEE5 /* NewsApp - SwiftUI.app */,
			);
			name = Products;
			sourceTree = "<group>";
		};
		559EE5262496B2A100EBDEE5 /* NewsApp - SwiftUI */ = {
			isa = PBXGroup;
			children = (
				559EE5532496D1CE00EBDEE5 /* Components */,
				559EE5442496C2BE00EBDEE5 /* Services */,
				559EE5412496C15800EBDEE5 /* Config */,
				559EE53E2496B4D500EBDEE5 /* View */,
				559EE53D2496B4C500EBDEE5 /* ViewModels */,
				559EE53C2496B4B600EBDEE5 /* Models */,
				559EE53B2496B40000EBDEE5 /* AppRelated */,
				559EE52F2496B2A300EBDEE5 /* Preview Content */,
			);
			path = "NewsApp - SwiftUI";
			sourceTree = "<group>";
		};
		559EE52F2496B2A300EBDEE5 /* Preview Content */ = {
			isa = PBXGroup;
			children = (
				559EE5302496B2A300EBDEE5 /* Preview Assets.xcassets */,
			);
			path = "Preview Content";
			sourceTree = "<group>";
		};
		559EE53B2496B40000EBDEE5 /* AppRelated */ = {
			isa = PBXGroup;
			children = (
				559EE5272496B2A100EBDEE5 /* AppDelegate.swift */,
				559EE5292496B2A100EBDEE5 /* SceneDelegate.swift */,
				559EE52D2496B2A300EBDEE5 /* Assets.xcassets */,
				559EE5322496B2A300EBDEE5 /* LaunchScreen.storyboard */,
				559EE5352496B2A300EBDEE5 /* Info.plist */,
			);
			name = AppRelated;
			sourceTree = "<group>";
		};
		559EE53C2496B4B600EBDEE5 /* Models */ = {
			isa = PBXGroup;
			children = (
				559EE53F2496BFED00EBDEE5 /* News.swift */,
			);
			name = Models;
			sourceTree = "<group>";
		};
		559EE53D2496B4C500EBDEE5 /* ViewModels */ = {
			isa = PBXGroup;
			children = (
				559EE5472496C5E400EBDEE5 /* NewsViewModel.swift */,
				559EE5492496C72200EBDEE5 /* NewsListVM.swift */,
			);
			path = ViewModels;
			sourceTree = "<group>";
		};
		559EE53E2496B4D500EBDEE5 /* View */ = {
			isa = PBXGroup;
			children = (
				559EE52B2496B2A100EBDEE5 /* ContentView.swift */,
				559EE54B2496CB5600EBDEE5 /* NewsListHeader.swift */,
				559EE54D2496CCD100EBDEE5 /* NewsHome.swift */,
				559EE54F2496CD7600EBDEE5 /* NewsListView.swift */,
				559EE5512496CDA500EBDEE5 /* NewsCell.swift */,
				559EE5562496D40E00EBDEE5 /* NewsArticleWebView.swift */,
			);
			name = View;
			sourceTree = "<group>";
		};
		559EE5412496C15800EBDEE5 /* Config */ = {
			isa = PBXGroup;
			children = (
				559EE5422496C16F00EBDEE5 /* API.swift */,
			);
			path = Config;
			sourceTree = "<group>";
		};
		559EE5442496C2BE00EBDEE5 /* Services */ = {
			isa = PBXGroup;
			children = (
				559EE5452496C2DD00EBDEE5 /* NetworkManager.swift */,
			);
			name = Services;
			sourceTree = "<group>";
		};
		559EE5532496D1CE00EBDEE5 /* Components */ = {
			isa = PBXGroup;
			children = (
				559EE5542496D1EF00EBDEE5 /* SwiftUIWebView.swift */,
			);
			path = Components;
			sourceTree = "<group>";
		};
/* End PBXGroup section */

/* Begin PBXNativeTarget section */
		559EE5232496B2A100EBDEE5 /* NewsApp - SwiftUI */ = {
			isa = PBXNativeTarget;
			buildConfigurationList = 559EE5382496B2A300EBDEE5 /* Build configuration list for PBXNativeTarget "NewsApp - SwiftUI" */;
			buildPhases = (
				559EE5202496B2A100EBDEE5 /* Sources */,
				559EE5212496B2A100EBDEE5 /* Frameworks */,
				559EE5222496B2A100EBDEE5 /* Resources */,
			);
			buildRules = (
			);
			dependencies = (
			);
			name = "NewsApp - SwiftUI";
			productName = "NewsApp - SwiftUI";
			productReference = 559EE5242496B2A100EBDEE5 /* NewsApp - SwiftUI.app */;
			productType = "com.apple.product-type.application";
		};
/* End PBXNativeTarget section */

/* Begin PBXProject section */
		559EE51C2496B2A100EBDEE5 /* Project object */ = {
			isa = PBXProject;
			attributes = {
				LastSwiftUpdateCheck = 1150;
				LastUpgradeCheck = 1150;
				ORGANIZATIONNAME = "Alex Babich";
				TargetAttributes = {
					559EE5232496B2A100EBDEE5 = {
						CreatedOnToolsVersion = 11.5;
					};
				};
			};
			buildConfigurationList = 559EE51F2496B2A100EBDEE5 /* Build configuration list for PBXProject "NewsApp - SwiftUI" */;
			compatibilityVersion = "Xcode 9.3";
			developmentRegion = en;
			hasScannedForEncodings = 0;
			knownRegions = (
				en,
				Base,
			);
			mainGroup = 559EE51B2496B2A100EBDEE5;
			productRefGroup = 559EE5252496B2A100EBDEE5 /* Products */;
			projectDirPath = "";
			projectRoot = "";
			targets = (
				559EE5232496B2A100EBDEE5 /* NewsApp - SwiftUI */,
			);
		};
/* End PBXProject section */

/* Begin PBXResourcesBuildPhase section */
		559EE5222496B2A100EBDEE5 /* Resources */ = {
			isa = PBXResourcesBuildPhase;
			buildActionMask = 2147483647;
			files = (
				559EE5342496B2A300EBDEE5 /* LaunchScreen.storyboard in Resources */,
				559EE5312496B2A300EBDEE5 /* Preview Assets.xcassets in Resources */,
				559EE52E2496B2A300EBDEE5 /* Assets.xcassets in Resources */,
			);
			runOnlyForDeploymentPostprocessing = 0;
		};
/* End PBXResourcesBuildPhase section */

/* Begin PBXSourcesBuildPhase section */
		559EE5202496B2A100EBDEE5 /* Sources */ = {
			isa = PBXSourcesBuildPhase;
			buildActionMask = 2147483647;
			files = (
				559EE5462496C2DD00EBDEE5 /* NetworkManager.swift in Sources */,
				559EE5572496D40E00EBDEE5 /* NewsArticleWebView.swift in Sources */,
				559EE5282496B2A100EBDEE5 /* AppDelegate.swift in Sources */,
				559EE52A2496B2A100EBDEE5 /* SceneDelegate.swift in Sources */,
				559EE5402496BFED00EBDEE5 /* News.swift in Sources */,
				559EE5482496C5E400EBDEE5 /* NewsViewModel.swift in Sources */,
				559EE5552496D1EF00EBDEE5 /* SwiftUIWebView.swift in Sources */,
				559EE5502496CD7600EBDEE5 /* NewsListView.swift in Sources */,
				559EE54C2496CB5600EBDEE5 /* NewsListHeader.swift in Sources */,
				559EE52C2496B2A100EBDEE5 /* ContentView.swift in Sources */,
				559EE5432496C16F00EBDEE5 /* API.swift in Sources */,
				559EE54A2496C72200EBDEE5 /* NewsListVM.swift in Sources */,
				559EE5522496CDA500EBDEE5 /* NewsCell.swift in Sources */,
				559EE54E2496CCD100EBDEE5 /* NewsHome.swift in Sources */,
			);
			runOnlyForDeploymentPostprocessing = 0;
		};
/* End PBXSourcesBuildPhase section */

/* Begin PBXVariantGroup section */
		559EE5322496B2A300EBDEE5 /* LaunchScreen.storyboard */ = {
			isa = PBXVariantGroup;
			children = (
				559EE5332496B2A300EBDEE5 /* Base */,
			);
			name = LaunchScreen.storyboard;
			sourceTree = "<group>";
		};
/* End PBXVariantGroup section */

/* Begin XCBuildConfiguration section */
		559EE5362496B2A300EBDEE5 /* Debug */ = {
			isa = XCBuildConfiguration;
			buildSettings = {
				ALWAYS_SEARCH_USER_PATHS = NO;
				CLANG_ANALYZER_NONNULL = YES;
				CLANG_ANALYZER_NUMBER_OBJECT_CONVERSION = YES_AGGRESSIVE;
				CLANG_CXX_LANGUAGE_STANDARD = "gnu++14";
				CLANG_CXX_LIBRARY = "libc++";
				CLANG_ENABLE_MODULES = YES;
				CLANG_ENABLE_OBJC_ARC = YES;
				CLANG_ENABLE_OBJC_WEAK = YES;
				CLANG_WARN_BLOCK_CAPTURE_AUTORELEASING = YES;
				CLANG_WARN_BOOL_CONVERSION = YES;
				CLANG_WARN_COMMA = YES;
				CLANG_WARN_CONSTANT_CONVERSION = YES;
				CLANG_WARN_DEPRECATED_OBJC_IMPLEMENTATIONS = YES;
				CLANG_WARN_DIRECT_OBJC_ISA_USAGE = YES_ERROR;
				CLANG_WARN_DOCUMENTATION_COMMENTS = YES;
				CLANG_WARN_EMPTY_BODY = YES;
				CLANG_WARN_ENUM_CONVERSION = YES;
				CLANG_WARN_INFINITE_RECURSION = YES;
				CLANG_WARN_INT_CONVERSION = YES;
				CLANG_WARN_NON_LITERAL_NULL_CONVERSION = YES;
				CLANG_WARN_OBJC_IMPLICIT_RETAIN_SELF = YES;
				CLANG_WARN_OBJC_LITERAL_CONVERSION = YES;
				CLANG_WARN_OBJC_ROOT_CLASS = YES_ERROR;
				CLANG_WARN_RANGE_LOOP_ANALYSIS = YES;
				CLANG_WARN_STRICT_PROTOTYPES = YES;
				CLANG_WARN_SUSPICIOUS_MOVE = YES;
				CLANG_WARN_UNGUARDED_AVAILABILITY = YES_AGGRESSIVE;
				CLANG_WARN_UNREACHABLE_CODE = YES;
				CLANG_WARN__DUPLICATE_METHOD_MATCH = YES;
				COPY_PHASE_STRIP = NO;
				DEBUG_INFORMATION_FORMAT = dwarf;
				ENABLE_STRICT_OBJC_MSGSEND = YES;
				ENABLE_TESTABILITY = YES;
				GCC_C_LANGUAGE_STANDARD = gnu11;
				GCC_DYNAMIC_NO_PIC = NO;
				GCC_NO_COMMON_BLOCKS = YES;
				GCC_OPTIMIZATION_LEVEL = 0;
				GCC_PREPROCESSOR_DEFINITIONS = (
					"DEBUG=1",
					"$(inherited)",
				);
				GCC_WARN_64_TO_32_BIT_CONVERSION = YES;
				GCC_WARN_ABOUT_RETURN_TYPE = YES_ERROR;
				GCC_WARN_UNDECLARED_SELECTOR = YES;
				GCC_WARN_UNINITIALIZED_AUTOS = YES_AGGRESSIVE;
				GCC_WARN_UNUSED_FUNCTION = YES;
				GCC_WARN_UNUSED_VARIABLE = YES;
				IPHONEOS_DEPLOYMENT_TARGET = 13.5;
				MTL_ENABLE_DEBUG_INFO = INCLUDE_SOURCE;
				MTL_FAST_MATH = YES;
				ONLY_ACTIVE_ARCH = YES;
				SDKROOT = iphoneos;
				SWIFT_ACTIVE_COMPILATION_CONDITIONS = DEBUG;
				SWIFT_OPTIMIZATION_LEVEL = "-Onone";
			};
			name = Debug;
		};
		559EE5372496B2A300EBDEE5 /* Release */ = {
			isa = XCBuildConfiguration;
			buildSettings = {
				ALWAYS_SEARCH_USER_PATHS = NO;
				CLANG_ANALYZER_NONNULL = YES;
				CLANG_ANALYZER_NUMBER_OBJECT_CONVERSION = YES_AGGRESSIVE;
				CLANG_CXX_LANGUAGE_STANDARD = "gnu++14";
				CLANG_CXX_LIBRARY = "libc++";
				CLANG_ENABLE_MODULES = YES;
				CLANG_ENABLE_OBJC_ARC = YES;
				CLANG_ENABLE_OBJC_WEAK = YES;
				CLANG_WARN_BLOCK_CAPTURE_AUTORELEASING = YES;
				CLANG_WARN_BOOL_CONVERSION = YES;
				CLANG_WARN_COMMA = YES;
				CLANG_WARN_CONSTANT_CONVERSION = YES;
				CLANG_WARN_DEPRECATED_OBJC_IMPLEMENTATIONS = YES;
				CLANG_WARN_DIRECT_OBJC_ISA_USAGE = YES_ERROR;
				CLANG_WARN_DOCUMENTATION_COMMENTS = YES;
				CLANG_WARN_EMPTY_BODY = YES;
				CLANG_WARN_ENUM_CONVERSION = YES;
				CLANG_WARN_INFINITE_RECURSION = YES;
				CLANG_WARN_INT_CONVERSION = YES;
				CLANG_WARN_NON_LITERAL_NULL_CONVERSION = YES;
				CLANG_WARN_OBJC_IMPLICIT_RETAIN_SELF = YES;
				CLANG_WARN_OBJC_LITERAL_CONVERSION = YES;
				CLANG_WARN_OBJC_ROOT_CLASS = YES_ERROR;
				CLANG_WARN_RANGE_LOOP_ANALYSIS = YES;
				CLANG_WARN_STRICT_PROTOTYPES = YES;
				CLANG_WARN_SUSPICIOUS_MOVE = YES;
				CLANG_WARN_UNGUARDED_AVAILABILITY = YES_AGGRESSIVE;
				CLANG_WARN_UNREACHABLE_CODE = YES;
				CLANG_WARN__DUPLICATE_METHOD_MATCH = YES;
				COPY_PHASE_STRIP = NO;
				DEBUG_INFORMATION_FORMAT = "dwarf-with-dsym";
				ENABLE_NS_ASSERTIONS = NO;
				ENABLE_STRICT_OBJC_MSGSEND = YES;
				GCC_C_LANGUAGE_STANDARD = gnu11;
				GCC_NO_COMMON_BLOCKS = YES;
				GCC_WARN_64_TO_32_BIT_CONVERSION = YES;
				GCC_WARN_ABOUT_RETURN_TYPE = YES_ERROR;
				GCC_WARN_UNDECLARED_SELECTOR = YES;
				GCC_WARN_UNINITIALIZED_AUTOS = YES_AGGRESSIVE;
				GCC_WARN_UNUSED_FUNCTION = YES;
				GCC_WARN_UNUSED_VARIABLE = YES;
				IPHONEOS_DEPLOYMENT_TARGET = 13.5;
				MTL_ENABLE_DEBUG_INFO = NO;
				MTL_FAST_MATH = YES;
				SDKROOT = iphoneos;
				SWIFT_COMPILATION_MODE = wholemodule;
				SWIFT_OPTIMIZATION_LEVEL = "-O";
				VALIDATE_PRODUCT = YES;
			};
			name = Release;
		};
		559EE5392496B2A300EBDEE5 /* Debug */ = {
			isa = XCBuildConfiguration;
			buildSettings = {
				ASSETCATALOG_COMPILER_APPICON_NAME = AppIcon;
				CODE_SIGN_STYLE = Automatic;
				DEVELOPMENT_ASSET_PATHS = "\"NewsApp - SwiftUI/Preview Content\"";
				DEVELOPMENT_TEAM = TA2UAPFU92;
				ENABLE_PREVIEWS = YES;
				INFOPLIST_FILE = "NewsApp - SwiftUI/Info.plist";
				LD_RUNPATH_SEARCH_PATHS = (
					"$(inherited)",
					"@executable_path/Frameworks",
				);
				PRODUCT_BUNDLE_IDENTIFIER = "homemade.NewsApp---SwiftUI";
				PRODUCT_NAME = "$(TARGET_NAME)";
				SWIFT_VERSION = 5.0;
				TARGETED_DEVICE_FAMILY = "1,2";
			};
			name = Debug;
		};
		559EE53A2496B2A300EBDEE5 /* Release */ = {
			isa = XCBuildConfiguration;
			buildSettings = {
				ASSETCATALOG_COMPILER_APPICON_NAME = AppIcon;
				CODE_SIGN_STYLE = Automatic;
				DEVELOPMENT_ASSET_PATHS = "\"NewsApp - SwiftUI/Preview Content\"";
				DEVELOPMENT_TEAM = TA2UAPFU92;
				ENABLE_PREVIEWS = YES;
				INFOPLIST_FILE = "NewsApp - SwiftUI/Info.plist";
				LD_RUNPATH_SEARCH_PATHS = (
					"$(inherited)",
					"@executable_path/Frameworks",
				);
				PRODUCT_BUNDLE_IDENTIFIER = "homemade.NewsApp---SwiftUI";
				PRODUCT_NAME = "$(TARGET_NAME)";
				SWIFT_VERSION = 5.0;
				TARGETED_DEVICE_FAMILY = "1,2";
			};
			name = Release;
		};
/* End XCBuildConfiguration section */

/* Begin XCConfigurationList section */
		559EE51F2496B2A100EBDEE5 /* Build configuration list for PBXProject "NewsApp - SwiftUI" */ = {
			isa = XCConfigurationList;
			buildConfigurations = (
				559EE5362496B2A300EBDEE5 /* Debug */,
				559EE5372496B2A300EBDEE5 /* Release */,
			);
			defaultConfigurationIsVisible = 0;
			defaultConfigurationName = Release;
		};
		559EE5382496B2A300EBDEE5 /* Build configuration list for PBXNativeTarget "NewsApp - SwiftUI" */ = {
			isa = XCConfigurationList;
			buildConfigurations = (
				559EE5392496B2A300EBDEE5 /* Debug */,
				559EE53A2496B2A300EBDEE5 /* Release */,
			);
			defaultConfigurationIsVisible = 0;
			defaultConfigurationName = Release;
		};
/* End XCConfigurationList section */
	};
	rootObject = 559EE51C2496B2A100EBDEE5 /* Project object */;
}
